
Microsoft Visual Studio Solution File, Format Version 12.00
Project("{FAE04EC0-301F-11D3-BF4B-00C04F79EFBC}") = "ShortLink.API", "ShortLink.API\ShortLink.API.csproj", "{1D310B75-1B14-474C-BB24-BC4A7E889AE8}"
EndProject
Project("{FAE04EC0-301F-11D3-BF4B-00C04F79EFBC}") = "ShortLink.API.Tests", "ShortLink.API.Tests\ShortLink.API.Tests.csproj", "{F00AD823-045C-4387-9A36-39B041E2C571}"
EndProject
Project("{FAE04EC0-301F-11D3-BF4B-00C04F79EFBC}") = "ShortLink.API.Models", "ShortLink.API.Models\ShortLink.API.Models.csproj", "{88B656C8-0E73-4D01-9048-2D676812DB44}"
EndProject
Project("{FAE04EC0-301F-11D3-BF4B-00C04F79EFBC}") = "ShortLink.API.Models.Tests", "ShortLink.API.Models.Tests\ShortLink.API.Models.Tests.csproj", "{1F4B2893-846F-495A-B66E-76356932DEBD}"
EndProject
Project("{2150E333-8FDC-42A3-9474-1A3956D46DE8}") = "API", "API", "{A3E83EF5-D329-489B-9B65-3FAF8AFE7FA3}"
EndProject
Project("{2150E333-8FDC-42A3-9474-1A3956D46DE8}") = "Models", "Models", "{88FC781D-C9B1-42B9-AEE1-94C71D493455}"
EndProject
Global
	GlobalSection(SolutionConfigurationPlatforms) = preSolution
		Debug|Any CPU = Debug|Any CPU
		Release|Any CPU = Release|Any CPU
	EndGlobalSection
	GlobalSection(ProjectConfigurationPlatforms) = postSolution
		{1D310B75-1B14-474C-BB24-BC4A7E889AE8}.Debug|Any CPU.ActiveCfg = Debug|Any CPU
		{1D310B75-1B14-474C-BB24-BC4A7E889AE8}.Debug|Any CPU.Build.0 = Debug|Any CPU
		{1D310B75-1B14-474C-BB24-BC4A7E889AE8}.Release|Any CPU.ActiveCfg = Release|Any CPU
		{1D310B75-1B14-474C-BB24-BC4A7E889AE8}.Release|Any CPU.Build.0 = Release|Any CPU
		{F00AD823-045C-4387-9A36-39B041E2C571}.Debug|Any CPU.ActiveCfg = Debug|Any CPU
		{F00AD823-045C-4387-9A36-39B041E2C571}.Debug|Any CPU.Build.0 = Debug|Any CPU
		{F00AD823-045C-4387-9A36-39B041E2C571}.Release|Any CPU.ActiveCfg = Release|Any CPU
		{F00AD823-045C-4387-9A36-39B041E2C571}.Release|Any CPU.Build.0 = Release|Any CPU
		{88B656C8-0E73-4D01-9048-2D676812DB44}.Debug|Any CPU.ActiveCfg = Debug|Any CPU
		{88B656C8-0E73-4D01-9048-2D676812DB44}.Debug|Any CPU.Build.0 = Debug|Any CPU
		{88B656C8-0E73-4D01-9048-2D676812DB44}.Release|Any CPU.ActiveCfg = Release|Any CPU
		{88B656C8-0E73-4D01-9048-2D676812DB44}.Release|Any CPU.Build.0 = Release|Any CPU
		{1F4B2893-846F-495A-B66E-76356932DEBD}.Debug|Any CPU.ActiveCfg = Debug|Any CPU
		{1F4B2893-846F-495A-B66E-76356932DEBD}.Debug|Any CPU.Build.0 = Debug|Any CPU
		{1F4B2893-846F-495A-B66E-76356932DEBD}.Release|Any CPU.ActiveCfg = Release|Any CPU
		{1F4B2893-846F-495A-B66E-76356932DEBD}.Release|Any CPU.Build.0 = Release|Any CPU
	EndGlobalSection
	GlobalSection(NestedProjects) = preSolution
		{1D310B75-1B14-474C-BB24-BC4A7E889AE8} = {A3E83EF5-D329-489B-9B65-3FAF8AFE7FA3}
		{F00AD823-045C-4387-9A36-39B041E2C571} = {A3E83EF5-D329-489B-9B65-3FAF8AFE7FA3}
		{88B656C8-0E73-4D01-9048-2D676812DB44} = {88FC781D-C9B1-42B9-AEE1-94C71D493455}
		{1F4B2893-846F-495A-B66E-76356932DEBD} = {88FC781D-C9B1-42B9-AEE1-94C71D493455}
	EndGlobalSection
EndGlobal
